// !$*UTF8*$!
{
	archiveVersion = 1;
	classes = {
	};
	objectVersion = 48;
	objects = {

/* Begin PBXBuildFile section */
		AF24E4931FBEC28300432F0C /* Main.storyboard in Resources */ = {isa = PBXBuildFile; fileRef = AF24E4921FBEC28300432F0C /* Main.storyboard */; };
		AF3267AE1FC26D4800A692E5 /* BullsEye.html in Resources */ = {isa = PBXBuildFile; fileRef = AF3267AD1FC26D4800A692E5 /* BullsEye.html */; };
		AF460ADC1FBEB17A00AC7BBF /* AboutMeViewController.swift in Sources */ = {isa = PBXBuildFile; fileRef = AF460ADB1FBEB17900AC7BBF /* AboutMeViewController.swift */; };
		AF8ABCF21FBE7806000C6B5E /* AboutViewController.swift in Sources */ = {isa = PBXBuildFile; fileRef = AF8ABCF11FBE7806000C6B5E /* AboutViewController.swift */; };
		AFABB3A11FB8C8B100080462 /* AppDelegate.swift in Sources */ = {isa = PBXBuildFile; fileRef = AFABB3A01FB8C8B100080462 /* AppDelegate.swift */; };
		AFABB3A31FB8C8B100080462 /* ViewController.swift in Sources */ = {isa = PBXBuildFile; fileRef = AFABB3A21FB8C8B100080462 /* ViewController.swift */; };
		AFABB3A81FB8C8B100080462 /* Assets.xcassets in Resources */ = {isa = PBXBuildFile; fileRef = AFABB3A71FB8C8B100080462 /* Assets.xcassets */; };
		AFABB3AB1FB8C8B100080462 /* LaunchScreen.storyboard in Resources */ = {isa = PBXBuildFile; fileRef = AFABB3A91FB8C8B100080462 /* LaunchScreen.storyboard */; };
/* End PBXBuildFile section */

/* Begin PBXFileReference section */
		AF24E4921FBEC28300432F0C /* Main.storyboard */ = {isa = PBXFileReference; fileEncoding = 4; lastKnownFileType = file.storyboard; path = Main.storyboard; sourceTree = "<group>"; };
		AF3267AD1FC26D4800A692E5 /* BullsEye.html */ = {isa = PBXFileReference; lastKnownFileType = text.html; path = BullsEye.html; sourceTree = "<group>"; };
		AF460ADB1FBEB17900AC7BBF /* AboutMeViewController.swift */ = {isa = PBXFileReference; lastKnownFileType = sourcecode.swift; path = AboutMeViewController.swift; sourceTree = "<group>"; };
		AF8ABCF11FBE7806000C6B5E /* AboutViewController.swift */ = {isa = PBXFileReference; lastKnownFileType = sourcecode.swift; path = AboutViewController.swift; sourceTree = "<group>"; };
		AFABB39D1FB8C8B100080462 /* Bullseye.app */ = {isa = PBXFileReference; explicitFileType = wrapper.application; includeInIndex = 0; path = Bullseye.app; sourceTree = BUILT_PRODUCTS_DIR; };
		AFABB3A01FB8C8B100080462 /* AppDelegate.swift */ = {isa = PBXFileReference; lastKnownFileType = sourcecode.swift; path = AppDelegate.swift; sourceTree = "<group>"; };
		AFABB3A21FB8C8B100080462 /* ViewController.swift */ = {isa = PBXFileReference; lastKnownFileType = sourcecode.swift; path = ViewController.swift; sourceTree = "<group>"; };
		AFABB3A71FB8C8B100080462 /* Assets.xcassets */ = {isa = PBXFileReference; lastKnownFileType = folder.assetcatalog; path = Assets.xcassets; sourceTree = "<group>"; };
		AFABB3AA1FB8C8B100080462 /* Base */ = {isa = PBXFileReference; lastKnownFileType = file.storyboard; name = Base; path = Base.lproj/LaunchScreen.storyboard; sourceTree = "<group>"; };
		AFABB3AC1FB8C8B100080462 /* Info.plist */ = {isa = PBXFileReference; lastKnownFileType = text.plist.xml; path = Info.plist; sourceTree = "<group>"; };
/* End PBXFileReference section */

/* Begin PBXFrameworksBuildPhase section */
		AFABB39A1FB8C8B100080462 /* Frameworks */ = {
			isa = PBXFrameworksBuildPhase;
			buildActionMask = 2147483647;
			files = (
			);
			runOnlyForDeploymentPostprocessing = 0;
		};
/* End PBXFrameworksBuildPhase section */

/* Begin PBXGroup section */
		AFABB3941FB8C8B100080462 = {
			isa = PBXGroup;
			children = (
				AF3267AD1FC26D4800A692E5 /* BullsEye.html */,
				AFABB39F1FB8C8B100080462 /* Bullseye */,
				AFABB39E1FB8C8B100080462 /* Products */,
			);
			sourceTree = "<group>";
		};
		AFABB39E1FB8C8B100080462 /* Products */ = {
			isa = PBXGroup;
			children = (
				AFABB39D1FB8C8B100080462 /* Bullseye.app */,
			);
			name = Products;
			sourceTree = "<group>";
		};
		AFABB39F1FB8C8B100080462 /* Bullseye */ = {
			isa = PBXGroup;
			children = (
				AFABB3A01FB8C8B100080462 /* AppDelegate.swift */,
				AFABB3A21FB8C8B100080462 /* ViewController.swift */,
				AF8ABCF11FBE7806000C6B5E /* AboutViewController.swift */,
				AF460ADB1FBEB17900AC7BBF /* AboutMeViewController.swift */,
				AF24E4921FBEC28300432F0C /* Main.storyboard */,
				AFABB3A71FB8C8B100080462 /* Assets.xcassets */,
				AFABB3A91FB8C8B100080462 /* LaunchScreen.storyboard */,
				AFABB3AC1FB8C8B100080462 /* Info.plist */,
			);
			path = Bullseye;
			sourceTree = "<group>";
		};
/* End PBXGroup section */

/* Begin PBXNativeTarget section */
		AFABB39C1FB8C8B100080462 /* Bullseye */ = {
			isa = PBXNativeTarget;
			buildConfigurationList = AFABB3AF1FB8C8B100080462 /* Build configuration list for PBXNativeTarget "Bullseye" */;
			buildPhases = (
				AFABB3991FB8C8B100080462 /* Sources */,
				AFABB39A1FB8C8B100080462 /* Frameworks */,
				AFABB39B1FB8C8B100080462 /* Resources */,
			);
			buildRules = (
			);
			dependencies = (
			);
			name = Bullseye;
			productName = Bullseye;
			productReference = AFABB39D1FB8C8B100080462 /* Bullseye.app */;
			productType = "com.apple.product-type.application";
		};
/* End PBXNativeTarget section */

/* Begin PBXProject section */
		AFABB3951FB8C8B100080462 /* Project object */ = {
			isa = PBXProject;
			attributes = {
				LastSwiftUpdateCheck = 0900;
				LastUpgradeCheck = 0900;
				ORGANIZATIONNAME = "Alan Paul Paragas";
				TargetAttributes = {
					AFABB39C1FB8C8B100080462 = {
						CreatedOnToolsVersion = 9.0.1;
						ProvisioningStyle = Automatic;
					};
				};
			};
			buildConfigurationList = AFABB3981FB8C8B100080462 /* Build configuration list for PBXProject "Bullseye" */;
			compatibilityVersion = "Xcode 8.0";
			developmentRegion = en;
			hasScannedForEncodings = 0;
			knownRegions = (
				en,
				Base,
			);
			mainGroup = AFABB3941FB8C8B100080462;
			productRefGroup = AFABB39E1FB8C8B100080462 /* Products */;
			projectDirPath = "";
			projectRoot = "";
			targets = (
				AFABB39C1FB8C8B100080462 /* Bullseye */,
			);
		};
/* End PBXProject section */

/* Begin PBXResourcesBuildPhase section */
		AFABB39B1FB8C8B100080462 /* Resources */ = {
			isa = PBXResourcesBuildPhase;
			buildActionMask = 2147483647;
			files = (
				AF3267AE1FC26D4800A692E5 /* BullsEye.html in Resources */,
				AF24E4931FBEC28300432F0C /* Main.storyboard in Resources */,
				AFABB3AB1FB8C8B100080462 /* LaunchScreen.storyboard in Resources */,
				AFABB3A81FB8C8B100080462 /* Assets.xcassets in Resources */,
			);
			runOnlyForDeploymentPostprocessing = 0;
		};
/* End PBXResourcesBuildPhase section */

/* Begin PBXSourcesBuildPhase section */
		AFABB3991FB8C8B100080462 /* Sources */ = {
			isa = PBXSourcesBuildPhase;
			buildActionMask = 2147483647;
			files = (
				AF8ABCF21FBE7806000C6B5E /* AboutViewController.swift in Sources */,
				AFABB3A31FB8C8B100080462 /* ViewController.swift in Sources */,
				AF460ADC1FBEB17A00AC7BBF /* AboutMeViewController.swift in Sources */,
				AFABB3A11FB8C8B100080462 /* AppDelegate.swift in Sources */,
			);
			runOnlyForDeploymentPostprocessing = 0;
		};
/* End PBXSourcesBuildPhase section */

/* Begin PBXVariantGroup section */
		AFABB3A91FB8C8B100080462 /* LaunchScreen.storyboard */ = {
			isa = PBXVariantGroup;
			children = (
				AFABB3AA1FB8C8B100080462 /* Base */,
			);
			name = LaunchScreen.storyboard;
			sourceTree = "<group>";
		};
/* End PBXVariantGroup section */

/* Begin XCBuildConfiguration section */
		AFABB3AD1FB8C8B100080462 /* Debug */ = {
			isa = XCBuildConfiguration;
			buildSettings = {
				ALWAYS_SEARCH_USER_PATHS = NO;
				CLANG_ANALYZER_NONNULL = YES;
				CLANG_ANALYZER_NUMBER_OBJECT_CONVERSION = YES_AGGRESSIVE;
				CLANG_CXX_LANGUAGE_STANDARD = "gnu++14";
				CLANG_CXX_LIBRARY = "libc++";
				CLANG_ENABLE_MODULES = YES;
				CLANG_ENABLE_OBJC_ARC = YES;
				CLANG_WARN_BLOCK_CAPTURE_AUTORELEASING = YES;
				CLANG_WARN_BOOL_CONVERSION = YES;
				CLANG_WARN_COMMA = YES;
				CLANG_WARN_CONSTANT_CONVERSION = YES;
				CLANG_WARN_DIRECT_OBJC_ISA_USAGE = YES_ERROR;
				CLANG_WARN_DOCUMENTATION_COMMENTS = YES;
				CLANG_WARN_EMPTY_BODY = YES;
				CLANG_WARN_ENUM_CONVERSION = YES;
				CLANG_WARN_INFINITE_RECURSION = YES;
				CLANG_WARN_INT_CONVERSION = YES;
				CLANG_WARN_NON_LITERAL_NULL_CONVERSION = YES;
				CLANG_WARN_OBJC_LITERAL_CONVERSION = YES;
				CLANG_WARN_OBJC_ROOT_CLASS = YES_ERROR;
				CLANG_WARN_RANGE_LOOP_ANALYSIS = YES;
				CLANG_WARN_STRICT_PROTOTYPES = YES;
				CLANG_WARN_SUSPICIOUS_MOVE = YES;
				CLANG_WARN_UNGUARDED_AVAILABILITY = YES_AGGRESSIVE;
				CLANG_WARN_UNREACHABLE_CODE = YES;
				CLANG_WARN__DUPLICATE_METHOD_MATCH = YES;
				CODE_SIGN_IDENTITY = "iPhone Developer";
				COPY_PHASE_STRIP = NO;
				DEBUG_INFORMATION_FORMAT = dwarf;
				ENABLE_STRICT_OBJC_MSGSEND = YES;
				ENABLE_TESTABILITY = YES;
				GCC_C_LANGUAGE_STANDARD = gnu11;
				GCC_DYNAMIC_NO_PIC = NO;
				GCC_NO_COMMON_BLOCKS = YES;
				GCC_OPTIMIZATION_LEVEL = 0;
				GCC_PREPROCESSOR_DEFINITIONS = (
					"DEBUG=1",
					"$(inherited)",
				);
				GCC_WARN_64_TO_32_BIT_CONVERSION = YES;
				GCC_WARN_ABOUT_RETURN_TYPE = YES_ERROR;
				GCC_WARN_UNDECLARED_SELECTOR = YES;
				GCC_WARN_UNINITIALIZED_AUTOS = YES_AGGRESSIVE;
				GCC_WARN_UNUSED_FUNCTION = YES;
				GCC_WARN_UNUSED_VARIABLE = YES;
				IPHONEOS_DEPLOYMENT_TARGET = 11.0;
				MTL_ENABLE_DEBUG_INFO = YES;
				ONLY_ACTIVE_ARCH = YES;
				SDKROOT = iphoneos;
				SWIFT_ACTIVE_COMPILATION_CONDITIONS = DEBUG;
				SWIFT_OPTIMIZATION_LEVEL = "-Onone";
			};
			name = Debug;
		};
		AFABB3AE1FB8C8B100080462 /* Release */ = {
			isa = XCBuildConfiguration;
			buildSettings = {
				ALWAYS_SEARCH_USER_PATHS = NO;
				CLANG_ANALYZER_NONNULL = YES;
				CLANG_ANALYZER_NUMBER_OBJECT_CONVERSION = YES_AGGRESSIVE;
				CLANG_CXX_LANGUAGE_STANDARD = "gnu++14";
				CLANG_CXX_LIBRARY = "libc++";
				CLANG_ENABLE_MODULES = YES;
				CLANG_ENABLE_OBJC_ARC = YES;
				CLANG_WARN_BLOCK_CAPTURE_AUTORELEASING = YES;
				CLANG_WARN_BOOL_CONVERSION = YES;
				CLANG_WARN_COMMA = YES;
				CLANG_WARN_CONSTANT_CONVERSION = YES;
				CLANG_WARN_DIRECT_OBJC_ISA_USAGE = YES_ERROR;
				CLANG_WARN_DOCUMENTATION_COMMENTS = YES;
				CLANG_WARN_EMPTY_BODY = YES;
				CLANG_WARN_ENUM_CONVERSION = YES;
				CLANG_WARN_INFINITE_RECURSION = YES;
				CLANG_WARN_INT_CONVERSION = YES;
				CLANG_WARN_NON_LITERAL_NULL_CONVERSION = YES;
				CLANG_WARN_OBJC_LITERAL_CONVERSION = YES;
				CLANG_WARN_OBJC_ROOT_CLASS = YES_ERROR;
				CLANG_WARN_RANGE_LOOP_ANALYSIS = YES;
				CLANG_WARN_STRICT_PROTOTYPES = YES;
				CLANG_WARN_SUSPICIOUS_MOVE = YES;
				CLANG_WARN_UNGUARDED_AVAILABILITY = YES_AGGRESSIVE;
				CLANG_WARN_UNREACHABLE_CODE = YES;
				CLANG_WARN__DUPLICATE_METHOD_MATCH = YES;
				CODE_SIGN_IDENTITY = "iPhone Developer";
				COPY_PHASE_STRIP = NO;
				DEBUG_INFORMATION_FORMAT = "dwarf-with-dsym";
				ENABLE_NS_ASSERTIONS = NO;
				ENABLE_STRICT_OBJC_MSGSEND = YES;
				GCC_C_LANGUAGE_STANDARD = gnu11;
				GCC_NO_COMMON_BLOCKS = YES;
				GCC_WARN_64_TO_32_BIT_CONVERSION = YES;
				GCC_WARN_ABOUT_RETURN_TYPE = YES_ERROR;
				GCC_WARN_UNDECLARED_SELECTOR = YES;
				GCC_WARN_UNINITIALIZED_AUTOS = YES_AGGRESSIVE;
				GCC_WARN_UNUSED_FUNCTION = YES;
				GCC_WARN_UNUSED_VARIABLE = YES;
				IPHONEOS_DEPLOYMENT_TARGET = 11.0;
				MTL_ENABLE_DEBUG_INFO = NO;
				SDKROOT = iphoneos;
				SWIFT_OPTIMIZATION_LEVEL = "-Owholemodule";
				VALIDATE_PRODUCT = YES;
			};
			name = Release;
		};
		AFABB3B01FB8C8B100080462 /* Debug */ = {
			isa = XCBuildConfiguration;
			buildSettings = {
				ASSETCATALOG_COMPILER_APPICON_NAME = AppIcon;
				CODE_SIGN_STYLE = Automatic;
				DEVELOPMENT_TEAM = A29V97ZU25;
				INFOPLIST_FILE = Bullseye/Info.plist;
				LD_RUNPATH_SEARCH_PATHS = "$(inherited) @executable_path/Frameworks";
				PRODUCT_BUNDLE_IDENTIFIER = paragasGL.Bullseye;
				PRODUCT_NAME = "$(TARGET_NAME)";
				SWIFT_VERSION = 4.0;
				TARGETED_DEVICE_FAMILY = "1,2";
			};
			name = Debug;
		};
		AFABB3B11FB8C8B100080462 /* Release */ = {
			isa = XCBuildConfiguration;
			buildSettings = {
				ASSETCATALOG_COMPILER_APPICON_NAME = AppIcon;
				CODE_SIGN_STYLE = Automatic;
				DEVELOPMENT_TEAM = A29V97ZU25;
				INFOPLIST_FILE = Bullseye/Info.plist;
				LD_RUNPATH_SEARCH_PATHS = "$(inherited) @executable_path/Frameworks";
				PRODUCT_BUNDLE_IDENTIFIER = paragasGL.Bullseye;
				PRODUCT_NAME = "$(TARGET_NAME)";
				SWIFT_VERSION = 4.0;
				TARGETED_DEVICE_FAMILY = "1,2";
			};
			name = Release;
		};
/* End XCBuildConfiguration section */

/* Begin XCConfigurationList section */
		AFABB3981FB8C8B100080462 /* Build configuration list for PBXProject "Bullseye" */ = {
			isa = XCConfigurationList;
			buildConfigurations = (
				AFABB3AD1FB8C8B100080462 /* Debug */,
				AFABB3AE1FB8C8B100080462 /* Release */,
			);
			defaultConfigurationIsVisible = 0;
			defaultConfigurationName = Release;
		};
		AFABB3AF1FB8C8B100080462 /* Build configuration list for PBXNativeTarget "Bullseye" */ = {
			isa = XCConfigurationList;
			buildConfigurations = (
				AFABB3B01FB8C8B100080462 /* Debug */,
				AFABB3B11FB8C8B100080462 /* Release */,
			);
			defaultConfigurationIsVisible = 0;
			defaultConfigurationName = Release;
		};
/* End XCConfigurationList section */
	};
	rootObject = AFABB3951FB8C8B100080462 /* Project object */;
}
